
Microsoft Visual Studio Solution File, Format Version 12.00
# Visual Studio Version 17
VisualStudioVersion = 17.5.33530.505
MinimumVisualStudioVersion = 10.0.40219.1
Project("{8BC9CEB8-8B4A-11D0-8D11-00A0C91BC942}") = "TR_Git", "TR_Git.vcxproj", "{42BE04CD-672B-4376-944A-5CD5057E6863}"
EndProject
Global
	GlobalSection(SolutionConfigurationPlatforms) = preSolution
		Debug|x64 = Debug|x64
		Release|x64 = Release|x64
	EndGlobalSection
	GlobalSection(ProjectConfigurationPlatforms) = postSolution
		{42BE04CD-672B-4376-944A-5CD5057E6863}.Debug|x64.ActiveCfg = Debug|x64
		{42BE04CD-672B-4376-944A-5CD5057E6863}.Debug|x64.Build.0 = Debug|x64
		{42BE04CD-672B-4376-944A-5CD5057E6863}.Release|x64.ActiveCfg = Release|x64
		{42BE04CD-672B-4376-944A-5CD5057E6863}.Release|x64.Build.0 = Release|x64
	EndGlobalSection
	GlobalSection(SolutionProperties) = preSolution
		HideSolutionNode = FALSE
	EndGlobalSection
	GlobalSection(ExtensibilityGlobals) = postSolution
		SolutionGuid = {4A897C5F-6C5E-473D-9FC9-C721C5C7E3EE}
	EndGlobalSection
EndGlobal
